
Microsoft Visual Studio Solution File, Format Version 12.00
# Visual Studio Version 16
VisualStudioVersion = 16.0.29613.14
MinimumVisualStudioVersion = 10.0.40219.1
Project("{FAE04EC0-301F-11D3-BF4B-00C04F79EFBC}") = "1", "1.csproj", "{1A225941-6998-4503-99A8-D3C4E1ACEFC1}"
EndProject
Global
	GlobalSection(SolutionConfigurationPlatforms) = preSolution
		Debug|Any CPU = Debug|Any CPU
		Release|Any CPU = Release|Any CPU
	EndGlobalSection
	GlobalSection(ProjectConfigurationPlatforms) = postSolution
		{1A225941-6998-4503-99A8-D3C4E1ACEFC1}.Debug|Any CPU.ActiveCfg = Debug|Any CPU
		{1A225941-6998-4503-99A8-D3C4E1ACEFC1}.Debug|Any CPU.Build.0 = Debug|Any CPU
		{1A225941-6998-4503-99A8-D3C4E1ACEFC1}.Release|Any CPU.ActiveCfg = Release|Any CPU
		{1A225941-6998-4503-99A8-D3C4E1ACEFC1}.Release|Any CPU.Build.0 = Release|Any CPU
	EndGlobalSection
	GlobalSection(SolutionProperties) = preSolution
		HideSolutionNode = FALSE
	EndGlobalSection
	GlobalSection(ExtensibilityGlobals) = postSolution
		SolutionGuid = {BEDEB2A4-97D5-4596-B864-D65B51C22808}
	EndGlobalSection
EndGlobal
